
Microsoft Visual Studio Solution File, Format Version 12.00
# Visual Studio 15
VisualStudioVersion = 15.0.27130.2036
MinimumVisualStudioVersion = 10.0.40219.1
Project("{FAE04EC0-301F-11D3-BF4B-00C04F79EFBC}") = "ComputerPartsDB", "ComputerPartDB\ComputerPartsDB.csproj", "{F97ED75C-D8D4-4612-8F67-FB302C477E37}"
EndProject
Project("{FAE04EC0-301F-11D3-BF4B-00C04F79EFBC}") = "Services", "Services\Services.csproj", "{6F1FFA1D-7DDD-4EDE-94E4-51853AC7DAF7}"
EndProject
Project("{FAE04EC0-301F-11D3-BF4B-00C04F79EFBC}") = "ComputerPartsDBTUnitTests", "ComputerPartsDBTTest\ComputerPartsDBTUnitTests.csproj", "{5E2BE100-0F52-4865-B439-7D2BDD1D9B03}"
EndProject
Global
	GlobalSection(SolutionConfigurationPlatforms) = preSolution
		Debug|Any CPU = Debug|Any CPU
		Release|Any CPU = Release|Any CPU
	EndGlobalSection
	GlobalSection(ProjectConfigurationPlatforms) = postSolution
		{F97ED75C-D8D4-4612-8F67-FB302C477E37}.Debug|Any CPU.ActiveCfg = Debug|Any CPU
		{F97ED75C-D8D4-4612-8F67-FB302C477E37}.Debug|Any CPU.Build.0 = Debug|Any CPU
		{F97ED75C-D8D4-4612-8F67-FB302C477E37}.Release|Any CPU.ActiveCfg = Release|Any CPU
		{F97ED75C-D8D4-4612-8F67-FB302C477E37}.Release|Any CPU.Build.0 = Release|Any CPU
		{6F1FFA1D-7DDD-4EDE-94E4-51853AC7DAF7}.Debug|Any CPU.ActiveCfg = Debug|Any CPU
		{6F1FFA1D-7DDD-4EDE-94E4-51853AC7DAF7}.Debug|Any CPU.Build.0 = Debug|Any CPU
		{6F1FFA1D-7DDD-4EDE-94E4-51853AC7DAF7}.Release|Any CPU.ActiveCfg = Release|Any CPU
		{6F1FFA1D-7DDD-4EDE-94E4-51853AC7DAF7}.Release|Any CPU.Build.0 = Release|Any CPU
		{5E2BE100-0F52-4865-B439-7D2BDD1D9B03}.Debug|Any CPU.ActiveCfg = Debug|Any CPU
		{5E2BE100-0F52-4865-B439-7D2BDD1D9B03}.Debug|Any CPU.Build.0 = Debug|Any CPU
		{5E2BE100-0F52-4865-B439-7D2BDD1D9B03}.Release|Any CPU.ActiveCfg = Release|Any CPU
		{5E2BE100-0F52-4865-B439-7D2BDD1D9B03}.Release|Any CPU.Build.0 = Release|Any CPU
	EndGlobalSection
	GlobalSection(SolutionProperties) = preSolution
		HideSolutionNode = FALSE
	EndGlobalSection
	GlobalSection(ExtensibilityGlobals) = postSolution
		SolutionGuid = {F9463273-0C9D-4FFC-BE5A-BFE76EBC267E}
	EndGlobalSection
EndGlobal
